<?xml version="1.0" encoding="utf-8"?>
<Project ToolsVersion="4.0" xmlns="http://schemas.microsoft.com/developer/msbuild/2003">
  <ItemGroup>
    <Filter Include="Source Files">
      <UniqueIdentifier>{08bc38ae-bcd2-4b14-a711-cd1bc18111e5}</UniqueIdentifier>
    </Filter>
    <Filter Include="Header Files">
      <UniqueIdentifier>{dd4de01e-5926-4c49-94a0-b2ed30bc5e42}</UniqueIdentifier>
    </Filter>
  </ItemGroup>
  <ItemGroup>
    <ClCompile Include="Source\Anim.cpp">
      <Filter>Source Files</Filter>
    </ClCompile>
    <ClCompile Include="Source\animal.cpp">
      <Filter>Source Files</Filter>
    </ClCompile>
    <ClCompile Include="Source\animtmap.cpp">
      <Filter>Source Files</Filter>
    </ClCompile>
    <ClCompile Include="Source\Attract.cpp">
      <Filter>Source Files</Filter>
    </ClCompile>
    <ClCompile Include="Source\balloon.cpp">
      <Filter>Source Files</Filter>
    </ClCompile>
    <ClCompile Include="Source\barrel.cpp">
      <Filter>Source Files</Filter>
    </ClCompile>
    <ClCompile Include="Source\bat.cpp">
      <Filter>Source Files</Filter>
    </ClCompile>
    <ClCompile Include="Source\bike.cpp">
      <Filter>Source Files</Filter>
    </ClCompile>
    <ClCompile Include="Source\build2.cpp">
      <Filter>Source Files</Filter>
    </ClCompile>
    <ClCompile Include="Source\building.cpp">
      <Filter>Source Files</Filter>
    </ClCompile>
    <ClCompile Include="Source\canid.cpp">
      <Filter>Source Files</Filter>
    </ClCompile>
    <ClCompile Include="Source\chopper.cpp">
      <Filter>Source Files</Filter>
    </ClCompile>
    <ClCompile Include="Source\cnet.cpp">
      <Filter>Source Files</Filter>
    </ClCompile>
    <ClCompile Include="Source\collide.cpp">
      <Filter>Source Files</Filter>
    </ClCompile>
    <ClCompile Include="Source\combat.cpp">
      <Filter>Source Files</Filter>
    </ClCompile>
    <ClCompile Include="Source\Controls.cpp">
      <Filter>Source Files</Filter>
    </ClCompile>
    <ClCompile Include="Source\Cop.cpp">
      <Filter>Source Files</Filter>
    </ClCompile>
    <ClCompile Include="Source\Darci.cpp">
      <Filter>Source Files</Filter>
    </ClCompile>
    <ClCompile Include="Source\dike.cpp">
      <Filter>Source Files</Filter>
    </ClCompile>
    <ClCompile Include="Source\dirt.cpp">
      <Filter>Source Files</Filter>
    </ClCompile>
    <ClCompile Include="Source\door.cpp">
      <Filter>Source Files</Filter>
    </ClCompile>
    <ClCompile Include="Source\drawtype.cpp">
      <Filter>Source Files</Filter>
    </ClCompile>
    <ClCompile Include="Source\drip.cpp">
      <Filter>Source Files</Filter>
    </ClCompile>
    <ClCompile Include="Source\Effect.cpp">
      <Filter>Source Files</Filter>
    </ClCompile>
    <ClCompile Include="Source\elev.cpp">
      <Filter>Source Files</Filter>
    </ClCompile>
    <ClCompile Include="Source\Enemy.cpp">
      <Filter>Source Files</Filter>
    </ClCompile>
    <ClCompile Include="Source\Env.cpp">
      <Filter>Source Files</Filter>
    </ClCompile>
    <ClCompile Include="Source\env2.cpp">
      <Filter>Source Files</Filter>
    </ClCompile>
    <ClCompile Include="Source\eway.cpp">
      <Filter>Source Files</Filter>
    </ClCompile>
    <ClCompile Include="Source\fc.cpp">
      <Filter>Source Files</Filter>
    </ClCompile>
    <ClCompile Include="Source\fire.cpp">
      <Filter>Source Files</Filter>
    </ClCompile>
    <ClCompile Include="Source\FMatrix.cpp">
      <Filter>Source Files</Filter>
    </ClCompile>
    <ClCompile Include="Source\fog.cpp">
      <Filter>Source Files</Filter>
    </ClCompile>
    <ClCompile Include="Source\frontend.cpp">
      <Filter>Source Files</Filter>
    </ClCompile>
    <ClCompile Include="Source\Game.cpp">
      <Filter>Source Files</Filter>
    </ClCompile>
    <ClCompile Include="Source\gamemenu.cpp">
      <Filter>Source Files</Filter>
    </ClCompile>
    <ClCompile Include="Source\glitter.cpp">
      <Filter>Source Files</Filter>
    </ClCompile>
    <ClCompile Include="Source\grenade.cpp">
      <Filter>Source Files</Filter>
    </ClCompile>
    <ClCompile Include="Source\guns.cpp">
      <Filter>Source Files</Filter>
    </ClCompile>
    <ClCompile Include="Source\heap.cpp">
      <Filter>Source Files</Filter>
    </ClCompile>
    <ClCompile Include="Source\Hierarchy.cpp">
      <Filter>Source Files</Filter>
    </ClCompile>
    <ClCompile Include="Source\hm.cpp">
      <Filter>Source Files</Filter>
    </ClCompile>
    <ClCompile Include="Source\hook.cpp">
      <Filter>Source Files</Filter>
    </ClCompile>
    <ClCompile Include="Source\inside2.cpp">
      <Filter>Source Files</Filter>
    </ClCompile>
    <ClCompile Include="Source\interact.cpp">
      <Filter>Source Files</Filter>
    </ClCompile>
    <ClCompile Include="Source\interfac.cpp">
      <Filter>Source Files</Filter>
    </ClCompile>
    <ClCompile Include="Source\io.cpp">
      <Filter>Source Files</Filter>
    </ClCompile>
    <ClCompile Include="Source\Main.cpp">
      <Filter>Source Files</Filter>
    </ClCompile>
    <ClCompile Include="Source\Map.cpp">
      <Filter>Source Files</Filter>
    </ClCompile>
    <ClCompile Include="Source\maths.cpp">
      <Filter>Source Files</Filter>
    </ClCompile>
    <ClCompile Include="Source\mav.cpp">
      <Filter>Source Files</Filter>
    </ClCompile>
    <ClCompile Include="Source\memory.cpp">
      <Filter>Source Files</Filter>
    </ClCompile>
    <ClCompile Include="Source\mist.cpp">
      <Filter>Source Files</Filter>
    </ClCompile>
    <ClCompile Include="Source\morph.cpp">
      <Filter>Source Files</Filter>
    </ClCompile>
    <ClCompile Include="Source\music.cpp">
      <Filter>Source Files</Filter>
    </ClCompile>
    <ClCompile Include="Source\night.cpp">
      <Filter>Source Files</Filter>
    </ClCompile>
    <ClCompile Include="Source\nightpsx.cpp">
      <Filter>Source Files</Filter>
    </ClCompile>
    <ClCompile Include="Source\ns.cpp">
      <Filter>Source Files</Filter>
    </ClCompile>
    <ClCompile Include="Source\ob.cpp">
      <Filter>Source Files</Filter>
    </ClCompile>
    <ClCompile Include="Source\overlay.cpp">
      <Filter>Source Files</Filter>
    </ClCompile>
    <ClCompile Include="Source\pap.cpp">
      <Filter>Source Files</Filter>
    </ClCompile>
    <ClCompile Include="Source\pause.cpp">
      <Filter>Source Files</Filter>
    </ClCompile>
    <ClCompile Include="Source\pcom.cpp">
      <Filter>Source Files</Filter>
    </ClCompile>
    <ClCompile Include="Source\Person.cpp">
      <Filter>Source Files</Filter>
    </ClCompile>
    <ClCompile Include="Source\Pjectile.cpp">
      <Filter>Source Files</Filter>
    </ClCompile>
    <ClCompile Include="Source\plat.cpp">
      <Filter>Source Files</Filter>
    </ClCompile>
    <ClCompile Include="Source\playcuts.cpp">
      <Filter>Source Files</Filter>
    </ClCompile>
    <ClCompile Include="Source\Player.cpp">
      <Filter>Source Files</Filter>
    </ClCompile>
    <ClCompile Include="Source\pow.cpp">
      <Filter>Source Files</Filter>
    </ClCompile>
    <ClCompile Include="Source\Prim.cpp">
      <Filter>Source Files</Filter>
    </ClCompile>
    <ClCompile Include="Source\psystem.cpp">
      <Filter>Source Files</Filter>
    </ClCompile>
    <ClCompile Include="Source\puddle.cpp">
      <Filter>Source Files</Filter>
    </ClCompile>
    <ClCompile Include="Source\pyro.cpp">
      <Filter>Source Files</Filter>
    </ClCompile>
    <ClCompile Include="Source\qedit.cpp">
      <Filter>Source Files</Filter>
    </ClCompile>
    <ClCompile Include="Source\qmap.cpp">
      <Filter>Source Files</Filter>
    </ClCompile>
    <ClCompile Include="Source\ribbon.cpp">
      <Filter>Source Files</Filter>
    </ClCompile>
    <ClCompile Include="Source\road.cpp">
      <Filter>Source Files</Filter>
    </ClCompile>
    <ClCompile Include="Source\Roper.cpp">
      <Filter>Source Files</Filter>
    </ClCompile>
    <ClCompile Include="Source\save.cpp">
      <Filter>Source Files</Filter>
    </ClCompile>
    <ClCompile Include="Source\shadow.cpp">
      <Filter>Source Files</Filter>
    </ClCompile>
    <ClCompile Include="Source\sm.cpp">
      <Filter>Source Files</Filter>
    </ClCompile>
    <ClCompile Include="Source\snipe.cpp">
      <Filter>Source Files</Filter>
    </ClCompile>
    <ClCompile Include="Source\Sound.cpp">
      <Filter>Source Files</Filter>
    </ClCompile>
    <ClCompile Include="Source\sound_id.cpp">
      <Filter>Source Files</Filter>
    </ClCompile>
    <ClCompile Include="Source\soundenv.cpp">
      <Filter>Source Files</Filter>
    </ClCompile>
    <ClCompile Include="Source\spark.cpp">
      <Filter>Source Files</Filter>
    </ClCompile>
    <ClCompile Include="Source\Special.cpp">
      <Filter>Source Files</Filter>
    </ClCompile>
    <ClCompile Include="Source\stair.cpp">
      <Filter>Source Files</Filter>
    </ClCompile>
    <ClCompile Include="Source\startscr.cpp">
      <Filter>Source Files</Filter>
    </ClCompile>
    <ClCompile Include="Source\State.cpp">
      <Filter>Source Files</Filter>
    </ClCompile>
    <ClCompile Include="Source\supermap.cpp">
      <Filter>Source Files</Filter>
    </ClCompile>
    <ClCompile Include="Source\Switch.cpp">
      <Filter>Source Files</Filter>
    </ClCompile>
    <ClCompile Include="Source\Thing.cpp">
      <Filter>Source Files</Filter>
    </ClCompile>
    <ClCompile Include="Source\Thug.cpp">
      <Filter>Source Files</Filter>
    </ClCompile>
    <ClCompile Include="Source\tracks.cpp">
      <Filter>Source Files</Filter>
    </ClCompile>
    <ClCompile Include="Source\trip.cpp">
      <Filter>Source Files</Filter>
    </ClCompile>
    <ClCompile Include="Source\vehicle.cpp">
      <Filter>Source Files</Filter>
    </ClCompile>
    <ClCompile Include="Source\walkable.cpp">
      <Filter>Source Files</Filter>
    </ClCompile>
    <ClCompile Include="Source\wand.cpp">
      <Filter>Source Files</Filter>
    </ClCompile>
    <ClCompile Include="Source\ware.cpp">
      <Filter>Source Files</Filter>
    </ClCompile>
    <ClCompile Include="Source\widget.cpp">
      <Filter>Source Files</Filter>
    </ClCompile>
    <ClCompile Include="Source\wmove.cpp">
      <Filter>Source Files</Filter>
    </ClCompile>
    <ClCompile Include="Source\xlat_str.cpp">
      <Filter>Source Files</Filter>
    </ClCompile>
  </ItemGroup>
  <ItemGroup>
    <ClInclude Include="Headers\america.h">
      <Filter>Header Files</Filter>
    </ClInclude>
    <ClInclude Include="Editor\Headers\Anim.h">
      <Filter>Header Files</Filter>
    </ClInclude>
    <ClInclude Include="Headers\animal.h">
      <Filter>Header Files</Filter>
    </ClInclude>
    <ClInclude Include="Headers\animate.h">
      <Filter>Header Files</Filter>
    </ClInclude>
    <ClInclude Include="Headers\animtmap.h">
      <Filter>Header Files</Filter>
    </ClInclude>
    <ClInclude Include="Headers\Attract.h">
      <Filter>Header Files</Filter>
    </ClInclude>
    <ClInclude Include="Headers\az.h">
      <Filter>Header Files</Filter>
    </ClInclude>
    <ClInclude Include="Headers\balloon.h">
      <Filter>Header Files</Filter>
    </ClInclude>
    <ClInclude Include="Headers\bang.h">
      <Filter>Header Files</Filter>
    </ClInclude>
    <ClInclude Include="Headers\barrel.h">
      <Filter>Header Files</Filter>
    </ClInclude>
    <ClInclude Include="Headers\bat.h">
      <Filter>Header Files</Filter>
    </ClInclude>
    <ClInclude Include="Headers\bike.h">
      <Filter>Header Files</Filter>
    </ClInclude>
    <ClInclude Include="Headers\building.h">
      <Filter>Header Files</Filter>
    </ClInclude>
    <ClInclude Include="Headers\cache.h">
      <Filter>Header Files</Filter>
    </ClInclude>
    <ClInclude Include="Headers\cam.h">
      <Filter>Header Files</Filter>
    </ClInclude>
    <ClInclude Include="Headers\canid.h">
      <Filter>Header Files</Filter>
    </ClInclude>
    <ClInclude Include="Headers\chopper.h">
      <Filter>Header Files</Filter>
    </ClInclude>
    <ClInclude Include="Headers\cloth.h">
      <Filter>Header Files</Filter>
    </ClInclude>
    <ClInclude Include="Headers\cnet.h">
      <Filter>Header Files</Filter>
    </ClInclude>
    <ClInclude Include="Headers\collide.h">
      <Filter>Header Files</Filter>
    </ClInclude>
    <ClInclude Include="Headers\combat.h">
      <Filter>Header Files</Filter>
    </ClInclude>
    <ClInclude Include="Headers\Command.h">
      <Filter>Header Files</Filter>
    </ClInclude>
    <ClInclude Include="Headers\Controls.h">
      <Filter>Header Files</Filter>
    </ClInclude>
    <ClInclude Include="Headers\Cop.h">
      <Filter>Header Files</Filter>
    </ClInclude>
    <ClInclude Include="Headers\Darci.h">
      <Filter>Header Files</Filter>
    </ClInclude>
    <ClInclude Include="Headers\demo.h">
      <Filter>Header Files</Filter>
    </ClInclude>
    <ClInclude Include="Headers\dirt.h">
      <Filter>Header Files</Filter>
    </ClInclude>
    <ClInclude Include="Headers\drawtype.h">
      <Filter>Header Files</Filter>
    </ClInclude>
    <ClInclude Include="Headers\drip.h">
      <Filter>Header Files</Filter>
    </ClInclude>
    <ClInclude Include="Headers\Editor.h">
      <Filter>Header Files</Filter>
    </ClInclude>
    <ClInclude Include="Headers\elev.h">
      <Filter>Header Files</Filter>
    </ClInclude>
    <ClInclude Include="Headers\eway.h">
      <Filter>Header Files</Filter>
    </ClInclude>
    <ClInclude Include="Headers\fc.h">
      <Filter>Header Files</Filter>
    </ClInclude>
    <ClInclude Include="Headers\fire.h">
      <Filter>Header Files</Filter>
    </ClInclude>
    <ClInclude Include="Headers\FMatrix.h">
      <Filter>Header Files</Filter>
    </ClInclude>
    <ClInclude Include="Headers\fog.h">
      <Filter>Header Files</Filter>
    </ClInclude>
    <ClInclude Include="Headers\Furn.h">
      <Filter>Header Files</Filter>
    </ClInclude>
    <ClInclude Include="Headers\Game.h">
      <Filter>Header Files</Filter>
    </ClInclude>
    <ClInclude Include="Headers\glitter.h">
      <Filter>Header Files</Filter>
    </ClInclude>
    <ClInclude Include="Headers\guns.h">
      <Filter>Header Files</Filter>
    </ClInclude>
    <ClInclude Include="Headers\heap.h">
      <Filter>Header Files</Filter>
    </ClInclude>
    <ClInclude Include="Headers\Hierarchy.h">
      <Filter>Header Files</Filter>
    </ClInclude>
    <ClInclude Include="Headers\hm.h">
      <Filter>Header Files</Filter>
    </ClInclude>
    <ClInclude Include="Headers\hook.h">
      <Filter>Header Files</Filter>
    </ClInclude>
    <ClInclude Include="Headers\id.h">
      <Filter>Header Files</Filter>
    </ClInclude>
    <ClInclude Include="Headers\inside2.h">
      <Filter>Header Files</Filter>
    </ClInclude>
    <ClInclude Include="Headers\interact.h">
      <Filter>Header Files</Filter>
    </ClInclude>
    <ClInclude Include="Headers\interfac.h">
      <Filter>Header Files</Filter>
    </ClInclude>
    <ClInclude Include="Headers\io.h">
      <Filter>Header Files</Filter>
    </ClInclude>
    <ClInclude Include="Headers\Level.h">
      <Filter>Header Files</Filter>
    </ClInclude>
    <ClInclude Include="Headers\light.h">
      <Filter>Header Files</Filter>
    </ClInclude>
    <ClInclude Include="Headers\Map.h">
      <Filter>Header Files</Filter>
    </ClInclude>
    <ClInclude Include="Headers\maths.h">
      <Filter>Header Files</Filter>
    </ClInclude>
    <ClInclude Include="Headers\mav.h">
      <Filter>Header Files</Filter>
    </ClInclude>
    <ClInclude Include="Headers\memory.h">
      <Filter>Header Files</Filter>
    </ClInclude>
    <ClInclude Include="Headers\mist.h">
      <Filter>Header Files</Filter>
    </ClInclude>
    <ClInclude Include="Headers\morph.h">
      <Filter>Header Files</Filter>
    </ClInclude>
    <ClInclude Include="Headers\music.h">
      <Filter>Header Files</Filter>
    </ClInclude>
    <ClInclude Include="Headers\night.h">
      <Filter>Header Files</Filter>
    </ClInclude>
    <ClInclude Include="Headers\noserver.h">
      <Filter>Header Files</Filter>
    </ClInclude>
    <ClInclude Include="Headers\ns.h">
      <Filter>Header Files</Filter>
    </ClInclude>
    <ClInclude Include="Headers\ob.h">
      <Filter>Header Files</Filter>
    </ClInclude>
    <ClInclude Include="Headers\overlay.h">
      <Filter>Header Files</Filter>
    </ClInclude>
    <ClInclude Include="Headers\pap.h">
      <Filter>Header Files</Filter>
    </ClInclude>
    <ClInclude Include="Headers\pause.h">
      <Filter>Header Files</Filter>
    </ClInclude>
    <ClInclude Include="Headers\pcom.h">
      <Filter>Header Files</Filter>
    </ClInclude>
    <ClInclude Include="Headers\Person.h">
      <Filter>Header Files</Filter>
    </ClInclude>
    <ClInclude Include="Headers\Pjectile.h">
      <Filter>Header Files</Filter>
    </ClInclude>
    <ClInclude Include="Headers\plat.h">
      <Filter>Header Files</Filter>
    </ClInclude>
    <ClInclude Include="Headers\Player.h">
      <Filter>Header Files</Filter>
    </ClInclude>
    <ClInclude Include="Headers\pq.h">
      <Filter>Header Files</Filter>
    </ClInclude>
    <ClInclude Include="Editor\Headers\Prim.h">
      <Filter>Header Files</Filter>
    </ClInclude>
    <ClInclude Include="Headers\PSystem.h">
      <Filter>Header Files</Filter>
    </ClInclude>
    <ClInclude Include="Headers\puddle.h">
      <Filter>Header Files</Filter>
    </ClInclude>
    <ClInclude Include="Headers\pyro.h">
      <Filter>Header Files</Filter>
    </ClInclude>
    <ClInclude Include="Headers\qedit.h">
      <Filter>Header Files</Filter>
    </ClInclude>
    <ClInclude Include="Headers\qmap.h">
      <Filter>Header Files</Filter>
    </ClInclude>
    <ClInclude Include="Headers\road.h">
      <Filter>Header Files</Filter>
    </ClInclude>
    <ClInclude Include="Headers\Roper.h">
      <Filter>Header Files</Filter>
    </ClInclude>
    <ClInclude Include="Headers\sample.h">
      <Filter>Header Files</Filter>
    </ClInclude>
    <ClInclude Include="Headers\save.h">
      <Filter>Header Files</Filter>
    </ClInclude>
    <ClInclude Include="Headers\sewer.h">
      <Filter>Header Files</Filter>
    </ClInclude>
    <ClInclude Include="Headers\shadow.h">
      <Filter>Header Files</Filter>
    </ClInclude>
    <ClInclude Include="Headers\sm.h">
      <Filter>Header Files</Filter>
    </ClInclude>
    <ClInclude Include="Headers\Sound.h">
      <Filter>Header Files</Filter>
    </ClInclude>
    <ClInclude Include="Headers\sound_id.h">
      <Filter>Header Files</Filter>
    </ClInclude>
    <ClInclude Include="Headers\spark.h">
      <Filter>Header Files</Filter>
    </ClInclude>
    <ClInclude Include="Headers\Special.h">
      <Filter>Header Files</Filter>
    </ClInclude>
    <ClInclude Include="Headers\stair.h">
      <Filter>Header Files</Filter>
    </ClInclude>
    <ClInclude Include="Headers\startscr.h">
      <Filter>Header Files</Filter>
    </ClInclude>
    <ClInclude Include="Headers\State.h">
      <Filter>Header Files</Filter>
    </ClInclude>
    <ClInclude Include="Headers\statedef.h">
      <Filter>Header Files</Filter>
    </ClInclude>
    <ClInclude Include="Headers\Structs.h">
      <Filter>Header Files</Filter>
    </ClInclude>
    <ClInclude Include="Headers\supermap.h">
      <Filter>Header Files</Filter>
    </ClInclude>
    <ClInclude Include="Headers\Switch.h">
      <Filter>Header Files</Filter>
    </ClInclude>
    <ClInclude Include="Headers\Thing.h">
      <Filter>Header Files</Filter>
    </ClInclude>
    <ClInclude Include="Headers\Thug.h">
      <Filter>Header Files</Filter>
    </ClInclude>
    <ClInclude Include="Headers\tracks.h">
      <Filter>Header Files</Filter>
    </ClInclude>
    <ClInclude Include="Headers\trip.h">
      <Filter>Header Files</Filter>
    </ClInclude>
    <ClInclude Include="DDEngine\Headers\truetype.h">
      <Filter>Header Files</Filter>
    </ClInclude>
    <ClInclude Include="Headers\vehicle.h">
      <Filter>Header Files</Filter>
    </ClInclude>
    <ClInclude Include="Headers\walkable.h">
      <Filter>Header Files</Filter>
    </ClInclude>
    <ClInclude Include="Headers\ware.h">
      <Filter>Header Files</Filter>
    </ClInclude>
    <ClInclude Include="Headers\water.h">
      <Filter>Header Files</Filter>
    </ClInclude>
    <ClInclude Include="Headers\widget.h">
      <Filter>Header Files</Filter>
    </ClInclude>
    <ClInclude Include="Headers\wmove.h">
      <Filter>Header Files</Filter>
    </ClInclude>
    <ClInclude Include="Headers\xlat_str.h">
      <Filter>Header Files</Filter>
    </ClInclude>
  </ItemGroup>
  <ItemGroup>
    <Image Include="DDLibrary\bitmap1.bmp" />
    <Image Include="DDLibrary\bmp00001.bmp" />
    <Image Include="DDLibrary\ico00001.ico" />
    <Image Include="DDLibrary\icon1.ico" />
  </ItemGroup>
  <ItemGroup>
    <ResourceCompile Include="DDLibrary\DDlib.rc" />
  </ItemGroup>
  <ItemGroup>
    <Text Include="text\lang_english.txt" />
    <Text Include="notes.txt" />
  </ItemGroup>
  <ItemGroup>
    <CustomBuild Include="DDLibrary\arrowcop.cur" />
  </ItemGroup>
</Project>